<Solution>
  <Folder Name="/src/">
    <Project Path="src/EState.Api/EState.Api.csproj" />
    <Project Path="src/EState.Application/EState.Application.csproj" />
    <Project Path="src/EState.Domain/EState.Domain.csproj" />
    <Project Path="src/EState.Infrastructure/EState.Infrastructure.csproj" />
  </Folder>
  <Folder Name="/tests/">
    <Project Path="tests/EState.Domain.Tests/EState.Domain.Tests.csproj" />
    <Project Path="tests/EState.IntegrationTests/EState.IntegrationTests.csproj" />
  </Folder>
</Solution>
